<?xml version="1.0" encoding="utf-8"?>
<Project ToolsVersion="4.0" xmlns="http://schemas.microsoft.com/developer/msbuild/2003">
  <ItemGroup>
    <Filter Include="Source Files">
      <UniqueIdentifier>{4FC737F1-C7A5-4376-A066-2A32D752A2FF}</UniqueIdentifier>
      <Extensions>cpp;c;cc;cxx;def;odl;idl;hpj;bat;asm;asmx</Extensions>
    </Filter>
    <Filter Include="Logging">
      <UniqueIdentifier>{a6fc5745-e6e4-4aeb-ba57-bee7983239ec}</UniqueIdentifier>
    </Filter>
    <Filter Include="Capture">
      <UniqueIdentifier>{153af546-1e14-4a07-bace-f40be6d4433a}</UniqueIdentifier>
    </Filter>
    <Filter Include="Muxing">
      <UniqueIdentifier>{7dc1e587-bc16-44ec-aa5d-9d74b7d6da70}</UniqueIdentifier>
    </Filter>
    <Filter Include="Recorder">
      <UniqueIdentifier>{bb70ac19-88ca-405b-8c0e-80dedd94d839}</UniqueIdentifier>
    </Filter>
  </ItemGroup>
  <ItemGroup>
    <ClCompile Include="muxing.cpp">
      <Filter>Source Files</Filter>
    </ClCompile>
    <ClCompile Include="Logger.cpp">
      <Filter>Logging</Filter>
    </ClCompile>
    <ClCompile Include="Capture.cpp">
      <Filter>Capture</Filter>
    </ClCompile>
    <ClCompile Include="Recorder.cpp">
      <Filter>Source Files</Filter>
    </ClCompile>
    <ClCompile Include="Muxer.cpp">
      <Filter>Source Files</Filter>
    </ClCompile>
  </ItemGroup>
  <ItemGroup>
    <ClInclude Include="Logger.h">
      <Filter>Logging</Filter>
    </ClInclude>
    <ClInclude Include="Capture.h">
      <Filter>Capture</Filter>
    </ClInclude>
    <ClInclude Include="Recorder.h" />
    <ClInclude Include="Muxer.h" />
  </ItemGroup>
</Project>