
Microsoft Visual Studio Solution File, Format Version 12.00
# Visual Studio 2012
Project("{8BC9CEB8-8B4A-11D0-8D11-00A0C91BC942}") = "Muxing", "Muxing.vcxproj", "{2F5FB67E-B1C1-41AA-86A9-A6383BCB8BF8}"
EndProject
Project("{2150E333-8FDC-42A3-9474-1A3956D46DE8}") = "Solution Items", "Solution Items", "{05FD25B9-4612-4CA9-965B-79C8FB613396}"
EndProject
Project("{8BC9CEB8-8B4A-11D0-8D11-00A0C91BC942}") = "SoundLib", "SoundLib\SoundLib.vcxproj", "{90B78C86-D37E-45F6-9BF6-88DDFF446AA6}"
EndProject
Project("{8BC9CEB8-8B4A-11D0-8D11-00A0C91BC942}") = "GUI", "GUI\GUI.vcxproj", "{D9C317A9-AF24-4735-A1C2-926CCDD362D6}"
EndProject
Project("{8BC9CEB8-8B4A-11D0-8D11-00A0C91BC942}") = "Configurator", "Configurator\Configurator.vcxproj", "{15A0EAF3-FD49-4EAE-B388-FCF527F06416}"
EndProject
Global
	GlobalSection(SolutionConfigurationPlatforms) = preSolution
		Debug|Win32 = Debug|Win32
		Release|Win32 = Release|Win32
	EndGlobalSection
	GlobalSection(ProjectConfigurationPlatforms) = postSolution
		{2F5FB67E-B1C1-41AA-86A9-A6383BCB8BF8}.Debug|Win32.ActiveCfg = Debug|Win32
		{2F5FB67E-B1C1-41AA-86A9-A6383BCB8BF8}.Debug|Win32.Build.0 = Debug|Win32
		{2F5FB67E-B1C1-41AA-86A9-A6383BCB8BF8}.Release|Win32.ActiveCfg = Release|Win32
		{2F5FB67E-B1C1-41AA-86A9-A6383BCB8BF8}.Release|Win32.Build.0 = Release|Win32
		{90B78C86-D37E-45F6-9BF6-88DDFF446AA6}.Debug|Win32.ActiveCfg = Debug|Win32
		{90B78C86-D37E-45F6-9BF6-88DDFF446AA6}.Debug|Win32.Build.0 = Debug|Win32
		{90B78C86-D37E-45F6-9BF6-88DDFF446AA6}.Release|Win32.ActiveCfg = Release|Win32
		{90B78C86-D37E-45F6-9BF6-88DDFF446AA6}.Release|Win32.Build.0 = Release|Win32
		{D9C317A9-AF24-4735-A1C2-926CCDD362D6}.Debug|Win32.ActiveCfg = Debug|Win32
		{D9C317A9-AF24-4735-A1C2-926CCDD362D6}.Debug|Win32.Build.0 = Debug|Win32
		{D9C317A9-AF24-4735-A1C2-926CCDD362D6}.Release|Win32.ActiveCfg = Release|Win32
		{D9C317A9-AF24-4735-A1C2-926CCDD362D6}.Release|Win32.Build.0 = Release|Win32
		{15A0EAF3-FD49-4EAE-B388-FCF527F06416}.Debug|Win32.ActiveCfg = Debug|Win32
		{15A0EAF3-FD49-4EAE-B388-FCF527F06416}.Debug|Win32.Build.0 = Debug|Win32
		{15A0EAF3-FD49-4EAE-B388-FCF527F06416}.Release|Win32.ActiveCfg = Release|Win32
		{15A0EAF3-FD49-4EAE-B388-FCF527F06416}.Release|Win32.Build.0 = Release|Win32
	EndGlobalSection
	GlobalSection(SolutionProperties) = preSolution
		HideSolutionNode = FALSE
	EndGlobalSection
EndGlobal
